
Microsoft Visual Studio Solution File, Format Version 12.00
# Visual Studio Version 17
VisualStudioVersion = 17.0.32112.339
MinimumVisualStudioVersion = 10.0.40219.1
Project("{9A19103F-16F7-4668-BE54-9A1E7A4F7556}") = "SubUrbanClothes.Web", "SubUrbanClothes.Web\SubUrbanClothes.Web.csproj", "{EB38534E-9ACE-4E2A-9FEE-C4300699170E}"
EndProject
Project("{9A19103F-16F7-4668-BE54-9A1E7A4F7556}") = "SubUrbanClothes.Database", "SubUrbanClothes.Database\SubUrbanClothes.Database.csproj", "{330E7BCE-038A-4C6D-8C31-D4CE49A77B18}"
EndProject
Project("{9A19103F-16F7-4668-BE54-9A1E7A4F7556}") = "SubUrbanClothes.Services", "SubUrbanClothes.Services\SubUrbanClothes.Services.csproj", "{C9B382E1-3FB7-4F52-9D09-589F3A1F163F}"
EndProject
Project("{FAE04EC0-301F-11D3-BF4B-00C04F79EFBC}") = "SubUrbanClothes.Infrastructure", "SubUrbanClothes.Infrastructure\SubUrbanClothes.Infrastructure.csproj", "{41974C0F-C214-4D2E-8B5B-07116F0F87D5}"
EndProject
Global
	GlobalSection(SolutionConfigurationPlatforms) = preSolution
		Debug|Any CPU = Debug|Any CPU
		Release|Any CPU = Release|Any CPU
	EndGlobalSection
	GlobalSection(ProjectConfigurationPlatforms) = postSolution
		{EB38534E-9ACE-4E2A-9FEE-C4300699170E}.Debug|Any CPU.ActiveCfg = Debug|Any CPU
		{EB38534E-9ACE-4E2A-9FEE-C4300699170E}.Debug|Any CPU.Build.0 = Debug|Any CPU
		{EB38534E-9ACE-4E2A-9FEE-C4300699170E}.Release|Any CPU.ActiveCfg = Release|Any CPU
		{EB38534E-9ACE-4E2A-9FEE-C4300699170E}.Release|Any CPU.Build.0 = Release|Any CPU
		{330E7BCE-038A-4C6D-8C31-D4CE49A77B18}.Debug|Any CPU.ActiveCfg = Debug|Any CPU
		{330E7BCE-038A-4C6D-8C31-D4CE49A77B18}.Debug|Any CPU.Build.0 = Debug|Any CPU
		{330E7BCE-038A-4C6D-8C31-D4CE49A77B18}.Release|Any CPU.ActiveCfg = Release|Any CPU
		{330E7BCE-038A-4C6D-8C31-D4CE49A77B18}.Release|Any CPU.Build.0 = Release|Any CPU
		{C9B382E1-3FB7-4F52-9D09-589F3A1F163F}.Debug|Any CPU.ActiveCfg = Debug|Any CPU
		{C9B382E1-3FB7-4F52-9D09-589F3A1F163F}.Debug|Any CPU.Build.0 = Debug|Any CPU
		{C9B382E1-3FB7-4F52-9D09-589F3A1F163F}.Release|Any CPU.ActiveCfg = Release|Any CPU
		{C9B382E1-3FB7-4F52-9D09-589F3A1F163F}.Release|Any CPU.Build.0 = Release|Any CPU
		{41974C0F-C214-4D2E-8B5B-07116F0F87D5}.Debug|Any CPU.ActiveCfg = Debug|Any CPU
		{41974C0F-C214-4D2E-8B5B-07116F0F87D5}.Debug|Any CPU.Build.0 = Debug|Any CPU
		{41974C0F-C214-4D2E-8B5B-07116F0F87D5}.Release|Any CPU.ActiveCfg = Release|Any CPU
		{41974C0F-C214-4D2E-8B5B-07116F0F87D5}.Release|Any CPU.Build.0 = Release|Any CPU
	EndGlobalSection
	GlobalSection(SolutionProperties) = preSolution
		HideSolutionNode = FALSE
	EndGlobalSection
	GlobalSection(ExtensibilityGlobals) = postSolution
		SolutionGuid = {D41E142B-0B9F-4353-ADEB-72CCB25258B4}
	EndGlobalSection
EndGlobal
